
Microsoft Visual Studio Solution File, Format Version 12.00
# Visual Studio Version 17
VisualStudioVersion = 17.11.35327.3
MinimumVisualStudioVersion = 10.0.40219.1
Project("{9A19103F-16F7-4668-BE54-9A1E7A4F7556}") = "PFBAssignment", "PFBAssignment\PFBAssignment.csproj", "{FCAFDEDE-E96C-4B25-B638-5F9FC6604D87}"
EndProject
Project("{9A19103F-16F7-4668-BE54-9A1E7A4F7556}") = "PFBAssignmentTest", "PFBAssignmentTest\PFBAssignmentTest.csproj", "{441416C5-4B20-4D0A-95EC-7967E1567BB5}"
EndProject
Project("{FAE04EC0-301F-11D3-BF4B-00C04F79EFBC}") = "PFBAssignment.Service", "PFBAssignment.Service\PFBAssignment.Service.csproj", "{ADC42492-274A-4250-A608-B9936E63AA67}"
EndProject
Global
	GlobalSection(SolutionConfigurationPlatforms) = preSolution
		Debug|Any CPU = Debug|Any CPU
		Release|Any CPU = Release|Any CPU
	EndGlobalSection
	GlobalSection(ProjectConfigurationPlatforms) = postSolution
		{FCAFDEDE-E96C-4B25-B638-5F9FC6604D87}.Debug|Any CPU.ActiveCfg = Debug|Any CPU
		{FCAFDEDE-E96C-4B25-B638-5F9FC6604D87}.Debug|Any CPU.Build.0 = Debug|Any CPU
		{FCAFDEDE-E96C-4B25-B638-5F9FC6604D87}.Release|Any CPU.ActiveCfg = Release|Any CPU
		{FCAFDEDE-E96C-4B25-B638-5F9FC6604D87}.Release|Any CPU.Build.0 = Release|Any CPU
		{441416C5-4B20-4D0A-95EC-7967E1567BB5}.Debug|Any CPU.ActiveCfg = Debug|Any CPU
		{441416C5-4B20-4D0A-95EC-7967E1567BB5}.Debug|Any CPU.Build.0 = Debug|Any CPU
		{441416C5-4B20-4D0A-95EC-7967E1567BB5}.Release|Any CPU.ActiveCfg = Release|Any CPU
		{441416C5-4B20-4D0A-95EC-7967E1567BB5}.Release|Any CPU.Build.0 = Release|Any CPU
		{ADC42492-274A-4250-A608-B9936E63AA67}.Debug|Any CPU.ActiveCfg = Debug|Any CPU
		{ADC42492-274A-4250-A608-B9936E63AA67}.Debug|Any CPU.Build.0 = Debug|Any CPU
		{ADC42492-274A-4250-A608-B9936E63AA67}.Release|Any CPU.ActiveCfg = Release|Any CPU
		{ADC42492-274A-4250-A608-B9936E63AA67}.Release|Any CPU.Build.0 = Release|Any CPU
	EndGlobalSection
	GlobalSection(SolutionProperties) = preSolution
		HideSolutionNode = FALSE
	EndGlobalSection
	GlobalSection(ExtensibilityGlobals) = postSolution
		SolutionGuid = {D928D195-9A2E-4513-9053-E4BA3E51EF79}
	EndGlobalSection
EndGlobal
